
Microsoft Visual Studio Solution File, Format Version 12.00
# Visual Studio 2012
VisualStudioVersion = 12.0.30723.0
MinimumVisualStudioVersion = 10.0.40219.1
Project("{FAE04EC0-301F-11D3-BF4B-00C04F79EFBC}") = "Cluster", "Cluster\Cluster.csproj", "{D1E5184F-2444-4785-9F97-359976BA7AAB}"
EndProject
Project("{FAE04EC0-301F-11D3-BF4B-00C04F79EFBC}") = "ClusterLib", "ClusterLib\ClusterLib.csproj", "{3D650E1C-9783-471A-8385-526B7F9727A4}"
EndProject
Global
	GlobalSection(SolutionConfigurationPlatforms) = preSolution
		Debug|Any CPU = Debug|Any CPU
		Debug|Mixed Platforms = Debug|Mixed Platforms
		Debug|Win32 = Debug|Win32
		Release|Any CPU = Release|Any CPU
		Release|Mixed Platforms = Release|Mixed Platforms
		Release|Win32 = Release|Win32
	EndGlobalSection
	GlobalSection(ProjectConfigurationPlatforms) = postSolution
		{3D650E1C-9783-471A-8385-526B7F9727A4}.Debug|Any CPU.ActiveCfg = Debug|Any CPU
		{3D650E1C-9783-471A-8385-526B7F9727A4}.Debug|Any CPU.Build.0 = Debug|Any CPU
		{3D650E1C-9783-471A-8385-526B7F9727A4}.Debug|Mixed Platforms.ActiveCfg = Debug|Any CPU
		{3D650E1C-9783-471A-8385-526B7F9727A4}.Debug|Mixed Platforms.Build.0 = Debug|Any CPU
		{3D650E1C-9783-471A-8385-526B7F9727A4}.Debug|Win32.ActiveCfg = Debug|Any CPU
		{3D650E1C-9783-471A-8385-526B7F9727A4}.Release|Any CPU.ActiveCfg = Release|Any CPU
		{3D650E1C-9783-471A-8385-526B7F9727A4}.Release|Any CPU.Build.0 = Release|Any CPU
		{3D650E1C-9783-471A-8385-526B7F9727A4}.Release|Mixed Platforms.ActiveCfg = Release|Any CPU
		{3D650E1C-9783-471A-8385-526B7F9727A4}.Release|Mixed Platforms.Build.0 = Release|Any CPU
		{3D650E1C-9783-471A-8385-526B7F9727A4}.Release|Win32.ActiveCfg = Release|Any CPU
		{D1E5184F-2444-4785-9F97-359976BA7AAB}.Debug|Any CPU.ActiveCfg = Debug|Any CPU
		{D1E5184F-2444-4785-9F97-359976BA7AAB}.Debug|Any CPU.Build.0 = Debug|Any CPU
		{D1E5184F-2444-4785-9F97-359976BA7AAB}.Debug|Mixed Platforms.ActiveCfg = Debug|Any CPU
		{D1E5184F-2444-4785-9F97-359976BA7AAB}.Debug|Mixed Platforms.Build.0 = Debug|Any CPU
		{D1E5184F-2444-4785-9F97-359976BA7AAB}.Debug|Win32.ActiveCfg = Debug|Any CPU
		{D1E5184F-2444-4785-9F97-359976BA7AAB}.Release|Any CPU.ActiveCfg = Release|Any CPU
		{D1E5184F-2444-4785-9F97-359976BA7AAB}.Release|Any CPU.Build.0 = Release|Any CPU
		{D1E5184F-2444-4785-9F97-359976BA7AAB}.Release|Mixed Platforms.ActiveCfg = Release|Any CPU
		{D1E5184F-2444-4785-9F97-359976BA7AAB}.Release|Mixed Platforms.Build.0 = Release|Any CPU
		{D1E5184F-2444-4785-9F97-359976BA7AAB}.Release|Win32.ActiveCfg = Release|Any CPU
	EndGlobalSection
	GlobalSection(SolutionProperties) = preSolution
		HideSolutionNode = FALSE
	EndGlobalSection
EndGlobal
